
Microsoft Visual Studio Solution File, Format Version 12.00
# Visual Studio Version 17
VisualStudioVersion = 17.12.35527.113 d17.12
MinimumVisualStudioVersion = 10.0.40219.1
Project("{FAE04EC0-301F-11D3-BF4B-00C04F79EFBC}") = "Sample.Api", "Sample.Api\Sample.Api.csproj", "{D7F4B5CE-CAE1-4FCF-9B6B-4320C0426289}"
EndProject
Project("{FAE04EC0-301F-11D3-BF4B-00C04F79EFBC}") = "Sample.BusinessLogic", "Sample.BusinessLogic\Sample.BusinessLogic.csproj", "{44D0CB08-641D-45F6-BD91-305200809B95}"
EndProject
Project("{FAE04EC0-301F-11D3-BF4B-00C04F79EFBC}") = "Sample.DataAccess", "Sample.DataAccess\Sample.DataAccess.csproj", "{C547B8A8-3124-4A4E-A8B6-08C1EADFF006}"
EndProject
Project("{2150E333-8FDC-42A3-9474-1A3956D46DE8}") = "Solution", "Solution", "{784A8C56-979A-4812-98EF-B89F1B31774F}"
	ProjectSection(SolutionItems) = preProject
		ReadMe.md = ReadMe.md
	EndProjectSection
EndProject
Global
	GlobalSection(SolutionConfigurationPlatforms) = preSolution
		Debug|Any CPU = Debug|Any CPU
		Release|Any CPU = Release|Any CPU
	EndGlobalSection
	GlobalSection(ProjectConfigurationPlatforms) = postSolution
		{D7F4B5CE-CAE1-4FCF-9B6B-4320C0426289}.Debug|Any CPU.ActiveCfg = Debug|Any CPU
		{D7F4B5CE-CAE1-4FCF-9B6B-4320C0426289}.Debug|Any CPU.Build.0 = Debug|Any CPU
		{D7F4B5CE-CAE1-4FCF-9B6B-4320C0426289}.Release|Any CPU.ActiveCfg = Release|Any CPU
		{D7F4B5CE-CAE1-4FCF-9B6B-4320C0426289}.Release|Any CPU.Build.0 = Release|Any CPU
		{44D0CB08-641D-45F6-BD91-305200809B95}.Debug|Any CPU.ActiveCfg = Debug|Any CPU
		{44D0CB08-641D-45F6-BD91-305200809B95}.Debug|Any CPU.Build.0 = Debug|Any CPU
		{44D0CB08-641D-45F6-BD91-305200809B95}.Release|Any CPU.ActiveCfg = Release|Any CPU
		{44D0CB08-641D-45F6-BD91-305200809B95}.Release|Any CPU.Build.0 = Release|Any CPU
		{C547B8A8-3124-4A4E-A8B6-08C1EADFF006}.Debug|Any CPU.ActiveCfg = Debug|Any CPU
		{C547B8A8-3124-4A4E-A8B6-08C1EADFF006}.Debug|Any CPU.Build.0 = Debug|Any CPU
		{C547B8A8-3124-4A4E-A8B6-08C1EADFF006}.Release|Any CPU.ActiveCfg = Release|Any CPU
		{C547B8A8-3124-4A4E-A8B6-08C1EADFF006}.Release|Any CPU.Build.0 = Release|Any CPU
	EndGlobalSection
	GlobalSection(SolutionProperties) = preSolution
		HideSolutionNode = FALSE
	EndGlobalSection
EndGlobal
